
Microsoft Visual Studio Solution File, Format Version 12.00
# Visual Studio 15
VisualStudioVersion = 15.0.28307.438
MinimumVisualStudioVersion = 10.0.40219.1
Project("{8BC9CEB8-8B4A-11D0-8D11-00A0C91BC942}") = "P37", "P37\P37.vcxproj", "{A88B56AC-08C0-4B57-9565-B5F7A379C651}"
EndProject
Global
	GlobalSection(SolutionConfigurationPlatforms) = preSolution
		Debug|x64 = Debug|x64
		Debug|x86 = Debug|x86
		Release|x64 = Release|x64
		Release|x86 = Release|x86
	EndGlobalSection
	GlobalSection(ProjectConfigurationPlatforms) = postSolution
		{A88B56AC-08C0-4B57-9565-B5F7A379C651}.Debug|x64.ActiveCfg = Debug|x64
		{A88B56AC-08C0-4B57-9565-B5F7A379C651}.Debug|x64.Build.0 = Debug|x64
		{A88B56AC-08C0-4B57-9565-B5F7A379C651}.Debug|x86.ActiveCfg = Debug|Win32
		{A88B56AC-08C0-4B57-9565-B5F7A379C651}.Debug|x86.Build.0 = Debug|Win32
		{A88B56AC-08C0-4B57-9565-B5F7A379C651}.Release|x64.ActiveCfg = Release|x64
		{A88B56AC-08C0-4B57-9565-B5F7A379C651}.Release|x64.Build.0 = Release|x64
		{A88B56AC-08C0-4B57-9565-B5F7A379C651}.Release|x86.ActiveCfg = Release|Win32
		{A88B56AC-08C0-4B57-9565-B5F7A379C651}.Release|x86.Build.0 = Release|Win32
	EndGlobalSection
	GlobalSection(SolutionProperties) = preSolution
		HideSolutionNode = FALSE
	EndGlobalSection
	GlobalSection(ExtensibilityGlobals) = postSolution
		SolutionGuid = {38DDBE8F-8520-45F3-A3EC-68418F1C3E44}
	EndGlobalSection
EndGlobal
