
Microsoft Visual Studio Solution File, Format Version 12.00
# Visual Studio 15
VisualStudioVersion = 15.0.28307.438
MinimumVisualStudioVersion = 10.0.40219.1
Project("{8BC9CEB8-8B4A-11D0-8D11-00A0C91BC942}") = "P30", "P30\P30.vcxproj", "{8B50EA8E-256C-45BA-9917-17B968718754}"
EndProject
Global
	GlobalSection(SolutionConfigurationPlatforms) = preSolution
		Debug|x64 = Debug|x64
		Debug|x86 = Debug|x86
		Release|x64 = Release|x64
		Release|x86 = Release|x86
	EndGlobalSection
	GlobalSection(ProjectConfigurationPlatforms) = postSolution
		{8B50EA8E-256C-45BA-9917-17B968718754}.Debug|x64.ActiveCfg = Debug|x64
		{8B50EA8E-256C-45BA-9917-17B968718754}.Debug|x64.Build.0 = Debug|x64
		{8B50EA8E-256C-45BA-9917-17B968718754}.Debug|x86.ActiveCfg = Debug|Win32
		{8B50EA8E-256C-45BA-9917-17B968718754}.Debug|x86.Build.0 = Debug|Win32
		{8B50EA8E-256C-45BA-9917-17B968718754}.Release|x64.ActiveCfg = Release|x64
		{8B50EA8E-256C-45BA-9917-17B968718754}.Release|x64.Build.0 = Release|x64
		{8B50EA8E-256C-45BA-9917-17B968718754}.Release|x86.ActiveCfg = Release|Win32
		{8B50EA8E-256C-45BA-9917-17B968718754}.Release|x86.Build.0 = Release|Win32
	EndGlobalSection
	GlobalSection(SolutionProperties) = preSolution
		HideSolutionNode = FALSE
	EndGlobalSection
	GlobalSection(ExtensibilityGlobals) = postSolution
		SolutionGuid = {B5E685C3-2123-45E8-A79F-86CF8CA27BEC}
	EndGlobalSection
EndGlobal
