
Microsoft Visual Studio Solution File, Format Version 12.00
# Visual Studio 15
VisualStudioVersion = 15.0.28307.438
MinimumVisualStudioVersion = 10.0.40219.1
Project("{8BC9CEB8-8B4A-11D0-8D11-00A0C91BC942}") = "P15", "P15\P15.vcxproj", "{1595C1B3-46A4-4F7D-9E57-49555C5CFC30}"
EndProject
Global
	GlobalSection(SolutionConfigurationPlatforms) = preSolution
		Debug|x64 = Debug|x64
		Debug|x86 = Debug|x86
		Release|x64 = Release|x64
		Release|x86 = Release|x86
	EndGlobalSection
	GlobalSection(ProjectConfigurationPlatforms) = postSolution
		{1595C1B3-46A4-4F7D-9E57-49555C5CFC30}.Debug|x64.ActiveCfg = Debug|x64
		{1595C1B3-46A4-4F7D-9E57-49555C5CFC30}.Debug|x64.Build.0 = Debug|x64
		{1595C1B3-46A4-4F7D-9E57-49555C5CFC30}.Debug|x86.ActiveCfg = Debug|Win32
		{1595C1B3-46A4-4F7D-9E57-49555C5CFC30}.Debug|x86.Build.0 = Debug|Win32
		{1595C1B3-46A4-4F7D-9E57-49555C5CFC30}.Release|x64.ActiveCfg = Release|x64
		{1595C1B3-46A4-4F7D-9E57-49555C5CFC30}.Release|x64.Build.0 = Release|x64
		{1595C1B3-46A4-4F7D-9E57-49555C5CFC30}.Release|x86.ActiveCfg = Release|Win32
		{1595C1B3-46A4-4F7D-9E57-49555C5CFC30}.Release|x86.Build.0 = Release|Win32
	EndGlobalSection
	GlobalSection(SolutionProperties) = preSolution
		HideSolutionNode = FALSE
	EndGlobalSection
	GlobalSection(ExtensibilityGlobals) = postSolution
		SolutionGuid = {95936CEA-B347-499B-83FA-23651B5B6CE8}
	EndGlobalSection
EndGlobal
